# This file is automatically @generated by Cargo.
# It is not intended for manual editing.
version = 3

[[package]]
name = "aleidibio"
version = "0.1.0"

[[package]]
name = "cutinline"
version = "0.1.0"

[[package]]
name = "hello"
version = "0.1.0"

[[package]]
name = "twostones"
version = "0.1.0"

[[package]]
name = "velkomin"
version = "0.1.0"
